PODS:
  - a_player (0.0.1):
    - AliPlayerSDK_iOS
    - Flutter
  - AliPlayerSDK_iOS (5.4.7.0):
    - AliPlayerSDK_iOS/AliPlayerSDK (= 5.4.7.0)
  - AliPlayerSDK_iOS/AliPlayerSDK (5.4.7.0)
  - battery_plus (1.0.0):
    - Flutter
  - connectivity_plus (0.0.1):
    - Flutter
    - ReachabilitySwift
  - Flutter (1.0.0)
  - orientation (0.0.1):
    - Flutter
  - ReachabilitySwift (5.0.0)
  - screen_brightness_ios (0.1.0):
    - Flutter
  - volume_controller (0.0.1):
    - Flutter
  - wakelock (0.0.1):
    - Flutter

DEPENDENCIES:
  - a_player (from `.symlinks/plugins/a_player/ios`)
  - battery_plus (from `.symlinks/plugins/battery_plus/ios`)
  - connectivity_plus (from `.symlinks/plugins/connectivity_plus/ios`)
  - Flutter (from `Flutter`)
  - orientation (from `.symlinks/plugins/orientation/ios`)
  - screen_brightness_ios (from `.symlinks/plugins/screen_brightness_ios/ios`)
  - volume_controller (from `.symlinks/plugins/volume_controller/ios`)
  - wakelock (from `.symlinks/plugins/wakelock/ios`)

SPEC REPOS:
  trunk:
    - AliPlayerSDK_iOS
    - ReachabilitySwift

EXTERNAL SOURCES:
  a_player:
    :path: ".symlinks/plugins/a_player/ios"
  battery_plus:
    :path: ".symlinks/plugins/battery_plus/ios"
  connectivity_plus:
    :path: ".symlinks/plugins/connectivity_plus/ios"
  Flutter:
    :path: Flutter
  orientation:
    :path: ".symlinks/plugins/orientation/ios"
  screen_brightness_ios:
    :path: ".symlinks/plugins/screen_brightness_ios/ios"
  volume_controller:
    :path: ".symlinks/plugins/volume_controller/ios"
  wakelock:
    :path: ".symlinks/plugins/wakelock/ios"

SPEC CHECKSUMS:
  a_player: f85cc53f125b881ed1ec166c89dcd74110c4e0c5
  AliPlayerSDK_iOS: a3a2ddb2296d9f212cdb7db26cce6672091cfb43
  battery_plus: 7851ab482c336dd101ae735dc9363f01e1223c7c
  connectivity_plus: 413a8857dd5d9f1c399a39130850d02fe0feaf7e
  Flutter: 50d75fe2f02b26cc09d224853bb45737f8b3214a
  orientation: 6c9203efe86ce4cff379756910f18b2d745628c3
  ReachabilitySwift: 985039c6f7b23a1da463388634119492ff86c825
  screen_brightness_ios: 715ca807df953bf676d339f11464e438143ee625
  volume_controller: 531ddf792994285c9b17f9d8a7e4dcdd29b3eae9
  wakelock: d0fc7c864128eac40eba1617cb5264d9c940b46f

PODFILE CHECKSUM: aafe91acc616949ddb318b77800a7f51bffa2a4c

COCOAPODS: 1.11.3
